
Microsoft Visual Studio Solution File, Format Version 12.00
# Visual Studio 15
VisualStudioVersion = 15.0.27004.2008
MinimumVisualStudioVersion = 10.0.40219.1
Project("{8BC9CEB8-8B4A-11D0-8D11-00A0C91BC942}") = "DataStructure-Algorithm", "DataStructure-Algorithm\DataStructure-Algorithm.vcxproj", "{9434579E-ED36-4F41-9EB0-ADC9BE05E0A4}"
EndProject
Project("{8BC9CEB8-8B4A-11D0-8D11-00A0C91BC942}") = "lab1-1-linear table", "lab1-linear table\lab1-linear table.vcxproj", "{957B1EEA-E55A-423C-BAFC-0589839C40BC}"
EndProject
Project("{8BC9CEB8-8B4A-11D0-8D11-00A0C91BC942}") = "lab1-2-Josephus", "lab1-2-1-Josephus\lab1-2-1-Josephus.vcxproj", "{02BA6AE7-81EF-484C-996E-9FDD92E6489E}"
EndProject
Project("{8BC9CEB8-8B4A-11D0-8D11-00A0C91BC942}") = "lab2-1-Stack", "lab2-1-Stack\lab2-1-Stack.vcxproj", "{80A28720-8D87-4165-9CB2-0C36E421F7A4}"
EndProject
Project("{8BC9CEB8-8B4A-11D0-8D11-00A0C91BC942}") = "lab2-2-Sequence", "lab2-2-Sequence\lab2-2-Sequence.vcxproj", "{1627FAE2-A3B0-45E3-B8F6-4EBACD6B5275}"
EndProject
Project("{8BC9CEB8-8B4A-11D0-8D11-00A0C91BC942}") = "lab2-3-String", "lab2-3-String\lab2-3-String.vcxproj", "{B0064CE5-0181-4460-81AD-19FEDBA3AAA1}"
EndProject
Project("{8BC9CEB8-8B4A-11D0-8D11-00A0C91BC942}") = "lab2-4-Formala", "lab2-4-Formala\lab2-4-Formala.vcxproj", "{E73D9886-C5E1-4101-8698-B90CAECE0289}"
EndProject
Project("{8BC9CEB8-8B4A-11D0-8D11-00A0C91BC942}") = "lab3-1-Traversal Bin Tree", "lab3-1-Ergodic Tree\lab3-1-Ergodic Tree.vcxproj", "{0B63CE7B-7782-4D4C-B63C-C26A3849ED6D}"
EndProject
Project("{8BC9CEB8-8B4A-11D0-8D11-00A0C91BC942}") = "lab3-2-Get Trees Node Num", "lab-3-2-Get Trees Node Num\lab-3-2-Get Trees Node Num.vcxproj", "{50A5A129-EF73-411C-81FB-08676E242737}"
EndProject
Project("{8BC9CEB8-8B4A-11D0-8D11-00A0C91BC942}") = "lab3-3-encode", "lab3-3-encode\lab3-3-encode.vcxproj", "{AEEB1845-9FA1-41FF-A387-7208145A4C81}"
EndProject
Project("{8BC9CEB8-8B4A-11D0-8D11-00A0C91BC942}") = "lab3-4-线索化二叉树", "lab3-4-线索化二叉树\lab3-4-线索化二叉树.vcxproj", "{3056DFB6-C5B7-4E4B-A6B6-51A332157169}"
EndProject
Project("{8BC9CEB8-8B4A-11D0-8D11-00A0C91BC942}") = "lab4-1-bfp dpf", "lab4-1-bfp dpf\lab4-1-bfp dpf.vcxproj", "{66A60621-9550-4F99-BBB5-B691205630AE}"
EndProject
Global
	GlobalSection(SolutionConfigurationPlatforms) = preSolution
		Debug|x64 = Debug|x64
		Debug|x86 = Debug|x86
		Release|x64 = Release|x64
		Release|x86 = Release|x86
	EndGlobalSection
	GlobalSection(ProjectConfigurationPlatforms) = postSolution
		{9434579E-ED36-4F41-9EB0-ADC9BE05E0A4}.Debug|x64.ActiveCfg = Debug|x64
		{9434579E-ED36-4F41-9EB0-ADC9BE05E0A4}.Debug|x64.Build.0 = Debug|x64
		{9434579E-ED36-4F41-9EB0-ADC9BE05E0A4}.Debug|x86.ActiveCfg = Debug|Win32
		{9434579E-ED36-4F41-9EB0-ADC9BE05E0A4}.Debug|x86.Build.0 = Debug|Win32
		{9434579E-ED36-4F41-9EB0-ADC9BE05E0A4}.Release|x64.ActiveCfg = Release|x64
		{9434579E-ED36-4F41-9EB0-ADC9BE05E0A4}.Release|x64.Build.0 = Release|x64
		{9434579E-ED36-4F41-9EB0-ADC9BE05E0A4}.Release|x86.ActiveCfg = Release|Win32
		{9434579E-ED36-4F41-9EB0-ADC9BE05E0A4}.Release|x86.Build.0 = Release|Win32
		{957B1EEA-E55A-423C-BAFC-0589839C40BC}.Debug|x64.ActiveCfg = Debug|x64
		{957B1EEA-E55A-423C-BAFC-0589839C40BC}.Debug|x64.Build.0 = Debug|x64
		{957B1EEA-E55A-423C-BAFC-0589839C40BC}.Debug|x86.ActiveCfg = Debug|Win32
		{957B1EEA-E55A-423C-BAFC-0589839C40BC}.Debug|x86.Build.0 = Debug|Win32
		{957B1EEA-E55A-423C-BAFC-0589839C40BC}.Release|x64.ActiveCfg = Release|x64
		{957B1EEA-E55A-423C-BAFC-0589839C40BC}.Release|x64.Build.0 = Release|x64
		{957B1EEA-E55A-423C-BAFC-0589839C40BC}.Release|x86.ActiveCfg = Release|Win32
		{957B1EEA-E55A-423C-BAFC-0589839C40BC}.Release|x86.Build.0 = Release|Win32
		{02BA6AE7-81EF-484C-996E-9FDD92E6489E}.Debug|x64.ActiveCfg = Debug|x64
		{02BA6AE7-81EF-484C-996E-9FDD92E6489E}.Debug|x64.Build.0 = Debug|x64
		{02BA6AE7-81EF-484C-996E-9FDD92E6489E}.Debug|x86.ActiveCfg = Debug|Win32
		{02BA6AE7-81EF-484C-996E-9FDD92E6489E}.Debug|x86.Build.0 = Debug|Win32
		{02BA6AE7-81EF-484C-996E-9FDD92E6489E}.Release|x64.ActiveCfg = Release|x64
		{02BA6AE7-81EF-484C-996E-9FDD92E6489E}.Release|x64.Build.0 = Release|x64
		{02BA6AE7-81EF-484C-996E-9FDD92E6489E}.Release|x86.ActiveCfg = Release|Win32
		{02BA6AE7-81EF-484C-996E-9FDD92E6489E}.Release|x86.Build.0 = Release|Win32
		{80A28720-8D87-4165-9CB2-0C36E421F7A4}.Debug|x64.ActiveCfg = Debug|x64
		{80A28720-8D87-4165-9CB2-0C36E421F7A4}.Debug|x64.Build.0 = Debug|x64
		{80A28720-8D87-4165-9CB2-0C36E421F7A4}.Debug|x86.ActiveCfg = Debug|Win32
		{80A28720-8D87-4165-9CB2-0C36E421F7A4}.Debug|x86.Build.0 = Debug|Win32
		{80A28720-8D87-4165-9CB2-0C36E421F7A4}.Release|x64.ActiveCfg = Release|x64
		{80A28720-8D87-4165-9CB2-0C36E421F7A4}.Release|x64.Build.0 = Release|x64
		{80A28720-8D87-4165-9CB2-0C36E421F7A4}.Release|x86.ActiveCfg = Release|Win32
		{80A28720-8D87-4165-9CB2-0C36E421F7A4}.Release|x86.Build.0 = Release|Win32
		{1627FAE2-A3B0-45E3-B8F6-4EBACD6B5275}.Debug|x64.ActiveCfg = Debug|x64
		{1627FAE2-A3B0-45E3-B8F6-4EBACD6B5275}.Debug|x64.Build.0 = Debug|x64
		{1627FAE2-A3B0-45E3-B8F6-4EBACD6B5275}.Debug|x86.ActiveCfg = Debug|Win32
		{1627FAE2-A3B0-45E3-B8F6-4EBACD6B5275}.Debug|x86.Build.0 = Debug|Win32
		{1627FAE2-A3B0-45E3-B8F6-4EBACD6B5275}.Release|x64.ActiveCfg = Release|x64
		{1627FAE2-A3B0-45E3-B8F6-4EBACD6B5275}.Release|x64.Build.0 = Release|x64
		{1627FAE2-A3B0-45E3-B8F6-4EBACD6B5275}.Release|x86.ActiveCfg = Release|Win32
		{1627FAE2-A3B0-45E3-B8F6-4EBACD6B5275}.Release|x86.Build.0 = Release|Win32
		{B0064CE5-0181-4460-81AD-19FEDBA3AAA1}.Debug|x64.ActiveCfg = Debug|x64
		{B0064CE5-0181-4460-81AD-19FEDBA3AAA1}.Debug|x64.Build.0 = Debug|x64
		{B0064CE5-0181-4460-81AD-19FEDBA3AAA1}.Debug|x86.ActiveCfg = Debug|Win32
		{B0064CE5-0181-4460-81AD-19FEDBA3AAA1}.Debug|x86.Build.0 = Debug|Win32
		{B0064CE5-0181-4460-81AD-19FEDBA3AAA1}.Release|x64.ActiveCfg = Release|x64
		{B0064CE5-0181-4460-81AD-19FEDBA3AAA1}.Release|x64.Build.0 = Release|x64
		{B0064CE5-0181-4460-81AD-19FEDBA3AAA1}.Release|x86.ActiveCfg = Release|Win32
		{B0064CE5-0181-4460-81AD-19FEDBA3AAA1}.Release|x86.Build.0 = Release|Win32
		{E73D9886-C5E1-4101-8698-B90CAECE0289}.Debug|x64.ActiveCfg = Debug|x64
		{E73D9886-C5E1-4101-8698-B90CAECE0289}.Debug|x64.Build.0 = Debug|x64
		{E73D9886-C5E1-4101-8698-B90CAECE0289}.Debug|x86.ActiveCfg = Debug|Win32
		{E73D9886-C5E1-4101-8698-B90CAECE0289}.Debug|x86.Build.0 = Debug|Win32
		{E73D9886-C5E1-4101-8698-B90CAECE0289}.Release|x64.ActiveCfg = Release|x64
		{E73D9886-C5E1-4101-8698-B90CAECE0289}.Release|x64.Build.0 = Release|x64
		{E73D9886-C5E1-4101-8698-B90CAECE0289}.Release|x86.ActiveCfg = Release|Win32
		{E73D9886-C5E1-4101-8698-B90CAECE0289}.Release|x86.Build.0 = Release|Win32
		{0B63CE7B-7782-4D4C-B63C-C26A3849ED6D}.Debug|x64.ActiveCfg = Debug|x64
		{0B63CE7B-7782-4D4C-B63C-C26A3849ED6D}.Debug|x64.Build.0 = Debug|x64
		{0B63CE7B-7782-4D4C-B63C-C26A3849ED6D}.Debug|x86.ActiveCfg = Debug|Win32
		{0B63CE7B-7782-4D4C-B63C-C26A3849ED6D}.Debug|x86.Build.0 = Debug|Win32
		{0B63CE7B-7782-4D4C-B63C-C26A3849ED6D}.Release|x64.ActiveCfg = Release|x64
		{0B63CE7B-7782-4D4C-B63C-C26A3849ED6D}.Release|x64.Build.0 = Release|x64
		{0B63CE7B-7782-4D4C-B63C-C26A3849ED6D}.Release|x86.ActiveCfg = Release|Win32
		{0B63CE7B-7782-4D4C-B63C-C26A3849ED6D}.Release|x86.Build.0 = Release|Win32
		{50A5A129-EF73-411C-81FB-08676E242737}.Debug|x64.ActiveCfg = Debug|x64
		{50A5A129-EF73-411C-81FB-08676E242737}.Debug|x64.Build.0 = Debug|x64
		{50A5A129-EF73-411C-81FB-08676E242737}.Debug|x86.ActiveCfg = Debug|Win32
		{50A5A129-EF73-411C-81FB-08676E242737}.Debug|x86.Build.0 = Debug|Win32
		{50A5A129-EF73-411C-81FB-08676E242737}.Release|x64.ActiveCfg = Release|x64
		{50A5A129-EF73-411C-81FB-08676E242737}.Release|x64.Build.0 = Release|x64
		{50A5A129-EF73-411C-81FB-08676E242737}.Release|x86.ActiveCfg = Release|Win32
		{50A5A129-EF73-411C-81FB-08676E242737}.Release|x86.Build.0 = Release|Win32
		{AEEB1845-9FA1-41FF-A387-7208145A4C81}.Debug|x64.ActiveCfg = Debug|x64
		{AEEB1845-9FA1-41FF-A387-7208145A4C81}.Debug|x64.Build.0 = Debug|x64
		{AEEB1845-9FA1-41FF-A387-7208145A4C81}.Debug|x86.ActiveCfg = Debug|Win32
		{AEEB1845-9FA1-41FF-A387-7208145A4C81}.Debug|x86.Build.0 = Debug|Win32
		{AEEB1845-9FA1-41FF-A387-7208145A4C81}.Release|x64.ActiveCfg = Release|x64
		{AEEB1845-9FA1-41FF-A387-7208145A4C81}.Release|x64.Build.0 = Release|x64
		{AEEB1845-9FA1-41FF-A387-7208145A4C81}.Release|x86.ActiveCfg = Release|Win32
		{AEEB1845-9FA1-41FF-A387-7208145A4C81}.Release|x86.Build.0 = Release|Win32
		{3056DFB6-C5B7-4E4B-A6B6-51A332157169}.Debug|x64.ActiveCfg = Debug|x64
		{3056DFB6-C5B7-4E4B-A6B6-51A332157169}.Debug|x64.Build.0 = Debug|x64
		{3056DFB6-C5B7-4E4B-A6B6-51A332157169}.Debug|x86.ActiveCfg = Debug|Win32
		{3056DFB6-C5B7-4E4B-A6B6-51A332157169}.Debug|x86.Build.0 = Debug|Win32
		{3056DFB6-C5B7-4E4B-A6B6-51A332157169}.Release|x64.ActiveCfg = Release|x64
		{3056DFB6-C5B7-4E4B-A6B6-51A332157169}.Release|x64.Build.0 = Release|x64
		{3056DFB6-C5B7-4E4B-A6B6-51A332157169}.Release|x86.ActiveCfg = Release|Win32
		{3056DFB6-C5B7-4E4B-A6B6-51A332157169}.Release|x86.Build.0 = Release|Win32
		{66A60621-9550-4F99-BBB5-B691205630AE}.Debug|x64.ActiveCfg = Debug|x64
		{66A60621-9550-4F99-BBB5-B691205630AE}.Debug|x64.Build.0 = Debug|x64
		{66A60621-9550-4F99-BBB5-B691205630AE}.Debug|x86.ActiveCfg = Debug|Win32
		{66A60621-9550-4F99-BBB5-B691205630AE}.Debug|x86.Build.0 = Debug|Win32
		{66A60621-9550-4F99-BBB5-B691205630AE}.Release|x64.ActiveCfg = Release|x64
		{66A60621-9550-4F99-BBB5-B691205630AE}.Release|x64.Build.0 = Release|x64
		{66A60621-9550-4F99-BBB5-B691205630AE}.Release|x86.ActiveCfg = Release|Win32
		{66A60621-9550-4F99-BBB5-B691205630AE}.Release|x86.Build.0 = Release|Win32
	EndGlobalSection
	GlobalSection(SolutionProperties) = preSolution
		HideSolutionNode = FALSE
	EndGlobalSection
	GlobalSection(ExtensibilityGlobals) = postSolution
		SolutionGuid = {83210CAE-8BAD-465D-A454-BBCE070FA9DB}
	EndGlobalSection
EndGlobal
